DEPENDENCIES
  apache
    path: cookbooks/apache
  apache2 (~> 5.0.1)
  assets
    path: cookbooks/assets
  canvas
    path: cookbooks/canvas
  chef-client
  git
    path: cookbooks/git
  nodejs
    path: cookbooks/nodejs
  opsworks-audit
    path: site-cookbooks/opsworks-audit
  postgres
    path: cookbooks/postgres
  postgresql (~> 7.1.1)
  python
    path: cookbooks/python
  redis
    path: cookbooks/redis
  ruby
    path: cookbooks/ruby

GRAPH
  apache (0.1.0)
  apache2 (5.0.1)
  assets (0.1.0)
  audit (7.3.0)
  canvas (0.1.0)
  chef-client (11.0.2)
    cron (>= 4.2.0)
    logrotate (>= 1.9.0)
  cron (6.2.1)
  git (0.1.0)
  logrotate (2.2.0)
  nodejs (0.1.0)
  opsworks-audit (1.0.0)
    audit (>= 0.0.0)
  postgres (0.1.0)
    postgresql (~> 7.1.1)
  postgresql (7.1.1)
  python (0.1.0)
  redis (0.1.0)
  ruby (0.1.0)
